# This lock file was generated by conda-lock (https://github.com/conda/conda-lock). DO NOT EDIT!
#
# A "lock file" contains a concrete list of package versions (with checksums) to be installed. Unlike
# e.g. `conda env create`, the resulting environment will not change as new package versions become
# available, unless you explicitly update the lock file.
#
# Install this environment as "YOURENV" with:
#     conda-lock install -n YOURENV conda-lock.yml
# To update a single package to the latest version compatible with the version constraints in the source:
#     conda-lock lock  --lockfile conda-lock.yml --update PACKAGE
# To re-solve the entire environment, e.g. after changing a version constraint in the source file:
#     conda-lock -f proteinmpnn_fastrelax.yml --lockfile conda-lock.yml
version: 1
metadata:
  content_hash:
    linux-64: 0e9df5885b7388422be6e4d7d2c556d0f19b250c16967c605409dbc7777af400
  channels:
  - url: pytorch
    used_env_vars: []
  - url: nvidia
    used_env_vars: []
  - url: conda-forge
    used_env_vars: []
  - url: defaults
    used_env_vars: []
  - url: https://conda.rosettacommons.org
    used_env_vars: []
  platforms:
  - linux-64
  sources:
  - proteinmpnn_fastrelax.yml
package:
- name: _libgcc_mutex
  version: '0.1'
  manager: conda
  platform: linux-64
  dependencies: {}
  url: https://conda.anaconda.org/conda-forge/linux-64/_libgcc_mutex-0.1-conda_forge.tar.bz2
  hash:
    md5: d7c89558ba9fa0495403155b64376d81
    sha256: fe51de6107f9edc7aa4f786a70f4a883943bc9d39b3bb7307c04c41410990726
  category: main
  optional: false
- name: _openmp_mutex
  version: '4.5'
  manager: conda
  platform: linux-64
  dependencies:
    _libgcc_mutex: '0.1'
    libgomp: '>=7.5.0'
  url: https://conda.anaconda.org/conda-forge/linux-64/_openmp_mutex-4.5-2_gnu.tar.bz2
  hash:
    md5: 73aaf86a425cc6e73fcf236a5a46396d
    sha256: fbe2c5e56a653bebb982eda4876a9178aedfc2b545f25d0ce9c4c0b508253d22
  category: main
  optional: false
- name: absl-py
  version: 2.1.0
  manager: conda
  platform: linux-64
  dependencies:
    python: '>=3.7'
  url: https://conda.anaconda.org/conda-forge/noarch/absl-py-2.1.0-pyhd8ed1ab_0.conda
  hash:
    md5: 035d1d58677c13ec93122d9eb6b8803b
    sha256: 6c84575fe0c3a860c7b6a52cb36dc548c838503c8da0f950a63a64c29b443937
  category: main
  optional: false
- name: biopython
  version: '1.84'
  manager: conda
  platform: linux-64
  dependencies:
    libgcc-ng: '>=12'
    numpy: ''
    python: '>=3.11,<3.12.0a0'
    python_abi: 3.11.*
  url: https://conda.anaconda.org/conda-forge/linux-64/biopython-1.84-py311h331c9d8_0.conda
  hash:
    md5: 1a76abea9989d7e690ad88c1743f2f13
    sha256: 8e32dc54555f02617ef943b35aa1e04131e6081a787c2c39d982a820e8930939
  category: main
  optional: false
- name: blas
  version: '1.0'
  manager: conda
  platform: linux-64
  dependencies:
    mkl: ''
  url: https://conda.anaconda.org/conda-forge/linux-64/blas-1.0-mkl.tar.bz2
  hash:
    md5: 349aef876b1d8c9dccae01de20d5b385
    sha256: a9a9125029a66905fc9e932dfd4f595be3a59a30db37fd7bf4a675a5c6151d62
  category: main
  optional: false
- name: bzip2
  version: 1.0.8
  manager: conda
  platform: linux-64
  dependencies:
    __glibc: '>=2.17,<3.0.a0'
    libgcc-ng: '>=12'
  url: https://conda.anaconda.org/conda-forge/linux-64/bzip2-1.0.8-h4bc722e_7.conda
  hash:
    md5: 62ee74e96c5ebb0af99386de58cf9553
    sha256: 5ced96500d945fb286c9c838e54fa759aa04a7129c59800f0846b4335cee770d
  category: main
  optional: false
- name: ca-certificates
  version: 2024.7.4
  manager: conda
  platform: linux-64
  dependencies: {}
  url: https://conda.anaconda.org/conda-forge/linux-64/ca-certificates-2024.7.4-hbcca054_0.conda
  hash:
    md5: 23ab7665c5f63cfb9f1f6195256daac6
    sha256: c1548a3235376f464f9931850b64b02492f379b2f2bb98bc786055329b080446
  category: main
  optional: false
- name: contextlib2
  version: 21.6.0
  manager: conda
  platform: linux-64
  dependencies:
    python: '>=3.6'
  url: https://conda.anaconda.org/conda-forge/noarch/contextlib2-21.6.0-pyhd8ed1ab_0.tar.bz2
  hash:
    md5: 5b26a831440be04c39531a8ce20f5d71
    sha256: 7762dc5b54c4e3e66f3c1d425ac2c6d1cff651e8fd4ab8d4d5ddfa883028ffaa
  category: main
  optional: false
- name: cuda-cudart
  version: 11.8.89
  manager: conda
  platform: linux-64
  dependencies: {}
  url: https://conda.anaconda.org/nvidia/linux-64/cuda-cudart-11.8.89-0.tar.bz2
  hash:
    md5: b68c7ef3eda01e95d5903fb508c5e440
    sha256: f8cf96ae45acf1bef5ff0be3e849d87e3543144ec8c0075db235f4933113a3b0
  category: main
  optional: false
- name: cuda-cupti
  version: 11.8.87
  manager: conda
  platform: linux-64
  dependencies: {}
  url: https://conda.anaconda.org/nvidia/linux-64/cuda-cupti-11.8.87-0.tar.bz2
  hash:
    md5: 2f4b4933285400137cf029fef9a7daa6
    sha256: 38bdbaf93504da170945b9e1db4d28e2e053c5a93baa7d7e3f09ca94ad6948bb
  category: main
  optional: false
- name: cuda-libraries
  version: 11.8.0
  manager: conda
  platform: linux-64
  dependencies:
    cuda-cudart: '>=11.8.89'
    cuda-nvrtc: '>=11.8.89'
    libcublas: '>=11.11.3.6'
    libcufft: '>=10.9.0.58'
    libcufile: '>=1.4.0.31'
    libcurand: '>=10.3.0.86'
    libcusolver: '>=11.4.1.48'
    libcusparse: '>=11.7.5.86'
    libnpp: '>=11.8.0.86'
    libnvjpeg: '>=11.9.0.86'
  url: https://conda.anaconda.org/nvidia/linux-64/cuda-libraries-11.8.0-0.tar.bz2
  hash:
    md5: 3a43d100104e52ac8209a834c82ab231
    sha256: c49445809212502739d41f2a5613dfaba32e0e39d45ffa5b154528d5b3a004cd
  category: main
  optional: false
- name: cuda-nvrtc
  version: 11.8.89
  manager: conda
  platform: linux-64
  dependencies: {}
  url: https://conda.anaconda.org/nvidia/linux-64/cuda-nvrtc-11.8.89-0.tar.bz2
  hash:
    md5: f4af75ee32661708c979630cdb8f4987
    sha256: 8ed6b83df491ab3bee78ee561c3361854d36ec01ef944a9578332774e9c21611
  category: main
  optional: false
- name: cuda-nvtx
  version: 11.8.86
  manager: conda
  platform: linux-64
  dependencies: {}
  url: https://conda.anaconda.org/nvidia/linux-64/cuda-nvtx-11.8.86-0.tar.bz2
  hash:
    md5: 1825ffc3feb608f2752073935e90bb49
    sha256: 50cb4a4c91cf7eb8a8771c3dca7dda2e1d55be9d65d249b4303120f0437f8605
  category: main
  optional: false
- name: cuda-runtime
  version: 11.8.0
  manager: conda
  platform: linux-64
  dependencies:
    cuda-libraries: '>=11.8.0'
  url: https://conda.anaconda.org/nvidia/linux-64/cuda-runtime-11.8.0-0.tar.bz2
  hash:
    md5: 3ca379d762f8d7bd727df9e2c9b30664
    sha256: 4ec90f237174c33514a898a363eb9e65edd93df0b571362ac0bda590d7d4ba29
  category: main
  optional: false
- name: cuda-version
  version: '12.6'
  manager: conda
  platform: linux-64
  dependencies: {}
  url: https://conda.anaconda.org/nvidia/noarch/cuda-version-12.6-3.tar.bz2
  hash:
    md5: 99c0a21508bd0642d019dd021b30eb9c
    sha256: 41ebffac7499ae538067e18a539b2f55bf10a85725488f353900093d1ce206e0
  category: main
  optional: false
- name: filelock
  version: 3.15.4
  manager: conda
  platform: linux-64
  dependencies:
    python: '>=3.7'
  url: https://conda.anaconda.org/conda-forge/noarch/filelock-3.15.4-pyhd8ed1ab_0.conda
  hash:
    md5: 0e7e4388e9d5283e22b35a9443bdbcc9
    sha256: f78d9c0be189a77cb0c67d02f33005f71b89037a85531996583fb79ff3fe1a0a
  category: main
  optional: false
- name: gmp
  version: 6.3.0
  manager: conda
  platform: linux-64
  dependencies:
    libgcc-ng: '>=12'
    libstdcxx-ng: '>=12'
  url: https://conda.anaconda.org/conda-forge/linux-64/gmp-6.3.0-hac33072_2.conda
  hash:
    md5: c94a5994ef49749880a8139cf9afcbe1
    sha256: 309cf4f04fec0c31b6771a5809a1909b4b3154a2208f52351e1ada006f4c750c
  category: main
  optional: false
- name: gmpy2
  version: 2.1.5
  manager: conda
  platform: linux-64
  dependencies:
    gmp: '>=6.3.0,<7.0a0'
    libgcc-ng: '>=12'
    mpc: '>=1.3.1,<2.0a0'
    mpfr: '>=4.2.1,<5.0a0'
    python: '>=3.11,<3.12.0a0'
    python_abi: 3.11.*
  url: https://conda.anaconda.org/conda-forge/linux-64/gmpy2-2.1.5-py311hc4f1f91_1.conda
  hash:
    md5: 30b83b4a5d116d790f8da79a4acac238
    sha256: a174e05ee2531bd81f275bd01557c907faa1d794e68b7c1e73b1d9e7e8f42732
  category: main
  optional: false
- name: icu
  version: '73.2'
  manager: conda
  platform: linux-64
  dependencies:
    libgcc-ng: '>=12'
    libstdcxx-ng: '>=12'
  url: https://conda.anaconda.org/conda-forge/linux-64/icu-73.2-h59595ed_0.conda
  hash:
    md5: cc47e1facc155f91abd89b11e48e72ff
    sha256: e12fd90ef6601da2875ebc432452590bc82a893041473bc1c13ef29001a73ea8
  category: main
  optional: false
- name: intel-openmp
  version: 2023.1.0
  manager: conda
  platform: linux-64
  dependencies:
    libffi: '>=3.4,<4.0a0'
    libgcc-ng: '>=11.2.0'
    libstdcxx-ng: '>=11.2.0'
    zlib: '>=1.2.13,<1.3.0a0'
  url: https://repo.anaconda.com/pkgs/main/linux-64/intel-openmp-2023.1.0-hdb19cb5_46306.conda
  hash:
    md5: 8c3c1916f770196bf998c8310178ae55
    sha256: b73c169115156c76d439211b956b3a12e69f9ad533ba46b8444693f1c9941277
  category: main
  optional: false
- name: jinja2
  version: 3.1.4
  manager: conda
  platform: linux-64
  dependencies:
    markupsafe: '>=2.0'
    python: '>=3.7'
  url: https://conda.anaconda.org/conda-forge/noarch/jinja2-3.1.4-pyhd8ed1ab_0.conda
  hash:
    md5: 7b86ecb7d3557821c649b3c31e3eb9f2
    sha256: 27380d870d42d00350d2d52598cddaf02f9505fb24be09488da0c9b8d1428f2d
  category: main
  optional: false
- name: ld_impl_linux-64
  version: '2.40'
  manager: conda
  platform: linux-64
  dependencies: {}
  url: https://conda.anaconda.org/conda-forge/linux-64/ld_impl_linux-64-2.40-hf3520f5_7.conda
  hash:
    md5: b80f2f396ca2c28b8c14c437a4ed1e74
    sha256: 764b6950aceaaad0c67ef925417594dd14cd2e22fff864aeef455ac259263d15
  category: main
  optional: false
- name: libblas
  version: 3.9.0
  manager: conda
  platform: linux-64
  dependencies:
    libgcc-ng: '>=9.3.0'
    libgfortran-ng: ''
    libgfortran5: '>=9.3.0'
  url: https://conda.anaconda.org/conda-forge/linux-64/libblas-3.9.0-1_h86c2bf4_netlib.tar.bz2
  hash:
    md5: 91273b91f1023d5c72ffc79e02e7812e
    sha256: c95bf82fbf258350d5f61c653a1a14d2e1cca7302bb348cc8347caa84e7ac9b1
  category: main
  optional: false
- name: libcblas
  version: 3.9.0
  manager: conda
  platform: linux-64
  dependencies:
    libblas: 3.9.0.*
    libgcc-ng: '>=12'
    libgfortran-ng: ''
    libgfortran5: '>=12.3.0'
  url: https://conda.anaconda.org/conda-forge/linux-64/libcblas-3.9.0-6_ha36c22a_netlib.conda
  hash:
    md5: 6a3b5e0412437b7269a787cea144cc0c
    sha256: 06179b81a465fc926a1ee33e03581617b4b8ad832046a0d48b8bfe6428f42d0b
  category: main
  optional: false
- name: libcublas
  version: 11.11.3.6
  manager: conda
  platform: linux-64
  dependencies: {}
  url: https://conda.anaconda.org/nvidia/linux-64/libcublas-11.11.3.6-0.tar.bz2
  hash:
    md5: 7700a48c99151d2b77e7838aa0852da9
    sha256: c03d5d7ee8b279808f8bd11ccbb5b6ced263f56dcb87e9268cb590a705729b6f
  category: main
  optional: false
- name: libcufft
  version: 10.9.0.58
  manager: conda
  platform: linux-64
  dependencies: {}
  url: https://conda.anaconda.org/nvidia/linux-64/libcufft-10.9.0.58-0.tar.bz2
  hash:
    md5: dbb21687334ce5f8e6a233cb18ee406b
    sha256: 3d9d93773d69b5826cd61c93333da45f7efd3a3aa09164effc9562eb7039cc8b
  category: main
  optional: false
- name: libcufile
  version: 1.11.0.15
  manager: conda
  platform: linux-64
  dependencies:
    __glibc: '>=2.17,<3.0.a0'
    cuda-version: '>=12.6,<12.7.0a0'
    libgcc-ng: '>=11.2.0'
    libstdcxx-ng: '>=11.2.0'
  url: https://conda.anaconda.org/nvidia/linux-64/libcufile-1.11.0.15-0.tar.bz2
  hash:
    md5: 94c35654c32f282f3099e2f5e72a3d92
    sha256: 43efe7e916399334ceca0440bba406fbf9c006593ccc3b9853a4acc94149a605
  category: main
  optional: false
- name: libcurand
  version: 10.3.7.37
  manager: conda
  platform: linux-64
  dependencies:
    __glibc: '>=2.17,<3.0.a0'
    cuda-version: '>=12.6,<12.7.0a0'
    libgcc-ng: '>=11.2.0'
    libstdcxx-ng: '>=11.2.0'
  url: https://conda.anaconda.org/nvidia/linux-64/libcurand-10.3.7.37-0.tar.bz2
  hash:
    md5: d94d07581ef55ee6df29543c0793cb76
    sha256: 468364b8985a1fad44424031fe6f6fbfce535b855828e907b3a822d33f9ba058
  category: main
  optional: false
- name: libcusolver
  version: 11.4.1.48
  manager: conda
  platform: linux-64
  dependencies: {}
  url: https://conda.anaconda.org/nvidia/linux-64/libcusolver-11.4.1.48-0.tar.bz2
  hash:
    md5: a497123295be4e0bd221da5bf215f8b8
    sha256: d04ae207677639c79ef2f9e90f92186e61b82ccc26632bac87ddc9e607ac3173
  category: main
  optional: false
- name: libcusparse
  version: 11.7.5.86
  manager: conda
  platform: linux-64
  dependencies: {}
  url: https://conda.anaconda.org/nvidia/linux-64/libcusparse-11.7.5.86-0.tar.bz2
  hash:
    md5: 853c37fabd07b5b91d3007afc82c3ed4
    sha256: 61f9bee3a0ed675a8978815071b63a6bbfe3ea141c2d12613ba1d1cc65c584d2
  category: main
  optional: false
- name: libexpat
  version: 2.6.2
  manager: conda
  platform: linux-64
  dependencies:
    libgcc-ng: '>=12'
  url: https://conda.anaconda.org/conda-forge/linux-64/libexpat-2.6.2-h59595ed_0.conda
  hash:
    md5: e7ba12deb7020dd080c6c70e7b6f6a3d
    sha256: 331bb7c7c05025343ebd79f86ae612b9e1e74d2687b8f3179faec234f986ce19
  category: main
  optional: false
- name: libffi
  version: 3.4.2
  manager: conda
  platform: linux-64
  dependencies:
    libgcc-ng: '>=9.4.0'
  url: https://conda.anaconda.org/conda-forge/linux-64/libffi-3.4.2-h7f98852_5.tar.bz2
  hash:
    md5: d645c6d2ac96843a2bfaccd2d62b3ac3
    sha256: ab6e9856c21709b7b517e940ae7028ae0737546122f83c2aa5d692860c3b149e
  category: main
  optional: false
- name: libgcc-ng
  version: 14.1.0
  manager: conda
  platform: linux-64
  dependencies:
    _libgcc_mutex: '0.1'
    _openmp_mutex: '>=4.5'
  url: https://conda.anaconda.org/conda-forge/linux-64/libgcc-ng-14.1.0-h77fa898_0.conda
  hash:
    md5: ca0fad6a41ddaef54a153b78eccb5037
    sha256: b8e869ac96591cda2704bf7e77a301025e405227791a0bddf14a3dac65125538
  category: main
  optional: false
- name: libgfortran-ng
  version: 14.1.0
  manager: conda
  platform: linux-64
  dependencies:
    libgfortran5: 14.1.0
  url: https://conda.anaconda.org/conda-forge/linux-64/libgfortran-ng-14.1.0-h69a702a_0.conda
  hash:
    md5: f4ca84fbd6d06b0a052fb2d5b96dde41
    sha256: ef624dacacf97b2b0af39110b36e2fd3e39e358a1a6b7b21b85c9ac22d8ffed9
  category: main
  optional: false
- name: libgfortran5
  version: 14.1.0
  manager: conda
  platform: linux-64
  dependencies:
    libgcc-ng: '>=14.1.0'
  url: https://conda.anaconda.org/conda-forge/linux-64/libgfortran5-14.1.0-hc5f4f2c_0.conda
  hash:
    md5: 6456c2620c990cd8dde2428a27ba0bc5
    sha256: a67d66b1e60a8a9a9e4440cee627c959acb4810cb182e089a4b0729bfdfbdf90
  category: main
  optional: false
- name: libgomp
  version: 14.1.0
  manager: conda
  platform: linux-64
  dependencies:
    _libgcc_mutex: '0.1'
  url: https://conda.anaconda.org/conda-forge/linux-64/libgomp-14.1.0-h77fa898_0.conda
  hash:
    md5: ae061a5ed5f05818acdf9adab72c146d
    sha256: 7699df61a1f6c644b3576a40f54791561f2845983120477a16116b951c9cdb05
  category: main
  optional: false
- name: libhwloc
  version: 2.11.1
  manager: conda
  platform: linux-64
  dependencies:
    __glibc: '>=2.17,<3.0.a0'
    libgcc-ng: '>=12'
    libstdcxx-ng: '>=12'
    libxml2: '>=2.12.7,<3.0a0'
  url: https://conda.anaconda.org/conda-forge/linux-64/libhwloc-2.11.1-default_hecaa2ac_1000.conda
  hash:
    md5: f54aeebefb5c5ff84eca4fb05ca8aa3a
    sha256: 8473a300e10b79557ce0ac81602506b47146aff3df4cc3568147a7dd07f480a2
  category: main
  optional: false
- name: libiconv
  version: '1.17'
  manager: conda
  platform: linux-64
  dependencies:
    libgcc-ng: '>=12'
  url: https://conda.anaconda.org/conda-forge/linux-64/libiconv-1.17-hd590300_2.conda
  hash:
    md5: d66573916ffcf376178462f1b61c941e
    sha256: 8ac2f6a9f186e76539439e50505d98581472fedb347a20e7d1f36429849f05c9
  category: main
  optional: false
- name: liblapack
  version: 3.9.0
  manager: conda
  platform: linux-64
  dependencies:
    libblas: 3.9.0.*
    libgcc-ng: '>=12'
    libgfortran-ng: ''
    libgfortran5: '>=12.3.0'
  url: https://conda.anaconda.org/conda-forge/linux-64/liblapack-3.9.0-6_ha36c22a_netlib.conda
  hash:
    md5: fe07396c3775ef919d596359ccc566e7
    sha256: c8a288a2727d3f1a4161d68bb79501540c154e5710956958effc497b8ab123bc
  category: main
  optional: false
- name: libnpp
  version: 11.8.0.86
  manager: conda
  platform: linux-64
  dependencies: {}
  url: https://conda.anaconda.org/nvidia/linux-64/libnpp-11.8.0.86-0.tar.bz2
  hash:
    md5: 03822c4b5dae5988ba9dcb7eae837345
    sha256: 086cf6c07bad0b0856400b8ba7e53f525f1fdb0a5d9ab635a11509d676c933cb
  category: main
  optional: false
- name: libnsl
  version: 2.0.1
  manager: conda
  platform: linux-64
  dependencies:
    libgcc-ng: '>=12'
  url: https://conda.anaconda.org/conda-forge/linux-64/libnsl-2.0.1-hd590300_0.conda
  hash:
    md5: 30fd6e37fe21f86f4bd26d6ee73eeec7
    sha256: 26d77a3bb4dceeedc2a41bd688564fe71bf2d149fdcf117049970bc02ff1add6
  category: main
  optional: false
- name: libnvjpeg
  version: 11.9.0.86
  manager: conda
  platform: linux-64
  dependencies: {}
  url: https://conda.anaconda.org/nvidia/linux-64/libnvjpeg-11.9.0.86-0.tar.bz2
  hash:
    md5: e42d6f0f20feb0cba0165d5cae33362f
    sha256: edc9f27315dd85a97490b9af3943ce2a2d3eb7e13fc287a37c33cf78853f6421
  category: main
  optional: false
- name: libsqlite
  version: 3.46.0
  manager: conda
  platform: linux-64
  dependencies:
    libgcc-ng: '>=12'
    libzlib: '>=1.2.13,<2.0a0'
  url: https://conda.anaconda.org/conda-forge/linux-64/libsqlite-3.46.0-hde9e2c9_0.conda
  hash:
    md5: 18aa975d2094c34aef978060ae7da7d8
    sha256: daee3f68786231dad457d0dfde3f7f1f9a7f2018adabdbb864226775101341a8
  category: main
  optional: false
- name: libstdcxx-ng
  version: 14.1.0
  manager: conda
  platform: linux-64
  dependencies:
    libgcc-ng: 14.1.0
  url: https://conda.anaconda.org/conda-forge/linux-64/libstdcxx-ng-14.1.0-hc0a3c3a_0.conda
  hash:
    md5: 1cb187a157136398ddbaae90713e2498
    sha256: 88c42b388202ffe16adaa337e36cf5022c63cf09b0405cf06fc6aeacccbe6146
  category: main
  optional: false
- name: libuuid
  version: 2.38.1
  manager: conda
  platform: linux-64
  dependencies:
    libgcc-ng: '>=12'
  url: https://conda.anaconda.org/conda-forge/linux-64/libuuid-2.38.1-h0b41bf4_0.conda
  hash:
    md5: 40b61aab5c7ba9ff276c41cfffe6b80b
    sha256: 787eb542f055a2b3de553614b25f09eefb0a0931b0c87dbcce6efdfd92f04f18
  category: main
  optional: false
- name: libxcrypt
  version: 4.4.36
  manager: conda
  platform: linux-64
  dependencies:
    libgcc-ng: '>=12'
  url: https://conda.anaconda.org/conda-forge/linux-64/libxcrypt-4.4.36-hd590300_1.conda
  hash:
    md5: 5aa797f8787fe7a17d1b0821485b5adc
    sha256: 6ae68e0b86423ef188196fff6207ed0c8195dd84273cb5623b85aa08033a410c
  category: main
  optional: false
- name: libxml2
  version: 2.12.7
  manager: conda
  platform: linux-64
  dependencies:
    icu: '>=73.2,<74.0a0'
    libgcc-ng: '>=12'
    libiconv: '>=1.17,<2.0a0'
    libzlib: '>=1.2.13,<2.0a0'
    xz: '>=5.2.6,<6.0a0'
  url: https://conda.anaconda.org/conda-forge/linux-64/libxml2-2.12.7-hc051c1a_1.conda
  hash:
    md5: 340278ded8b0dc3a73f3660bbb0adbc6
    sha256: 576ea9134176636283ff052897bf7a91ffd8ac35b2c505dfde2890ec52849698
  category: main
  optional: false
- name: libzlib
  version: 1.2.13
  manager: conda
  platform: linux-64
  dependencies:
    libgcc-ng: '>=12'
  url: https://conda.anaconda.org/conda-forge/linux-64/libzlib-1.2.13-h4ab18f5_6.conda
  hash:
    md5: 27329162c0dc732bcf67a4e0cd488125
    sha256: 8ced4afed6322172182af503f21725d072a589a6eb918f8a58135c1e00d35980
  category: main
  optional: false
- name: markupsafe
  version: 2.1.5
  manager: conda
  platform: linux-64
  dependencies:
    libgcc-ng: '>=12'
    python: '>=3.11,<3.12.0a0'
    python_abi: 3.11.*
  url: https://conda.anaconda.org/conda-forge/linux-64/markupsafe-2.1.5-py311h459d7ec_0.conda
  hash:
    md5: a322b4185121935c871d201ae00ac143
    sha256: 14912e557a6576e03f65991be89e9d289c6e301921b6ecfb4e7186ba974f453d
  category: main
  optional: false
- name: mkl
  version: 2023.1.0
  manager: conda
  platform: linux-64
  dependencies:
    intel-openmp: 2023.*
    libgcc-ng: '>=11.2.0'
    libstdcxx-ng: '>=11.2.0'
    tbb: 2021.*
  url: https://repo.anaconda.com/pkgs/main/linux-64/mkl-2023.1.0-h213fc3f_46344.conda
  hash:
    md5: 83e5adf5b75242d8d7634615fed37c72
    sha256: 74453e0d9e072ef8e60e48a734380c238f9df2cf0191ad9a2db6dbf9f8391034
  category: main
  optional: false
- name: ml-collections
  version: 0.1.1
  manager: conda
  platform: linux-64
  dependencies:
    absl-py: ''
    contextlib2: ''
    python: '>=3.7'
    pyyaml: ''
    six: ''
  url: https://conda.anaconda.org/conda-forge/noarch/ml-collections-0.1.1-pyhd8ed1ab_0.tar.bz2
  hash:
    md5: 678522de10f2352cb732eb67d508bd22
    sha256: 017ce04cd1f456e8a8bfe8768ba6edf59bf2a905a4c384d7d624a153641553a6
  category: main
  optional: false
- name: mpc
  version: 1.3.1
  manager: conda
  platform: linux-64
  dependencies:
    gmp: '>=6.2.1,<7.0a0'
    libgcc-ng: '>=12'
    mpfr: '>=4.1.0,<5.0a0'
  url: https://conda.anaconda.org/conda-forge/linux-64/mpc-1.3.1-hfe3b2da_0.conda
  hash:
    md5: 289c71e83dc0daa7d4c81f04180778ca
    sha256: 2f88965949ba7b4b21e7e5facd62285f7c6efdb17359d1b365c3bb4ecc968d29
  category: main
  optional: false
- name: mpfr
  version: 4.2.1
  manager: conda
  platform: linux-64
  dependencies:
    __glibc: '>=2.17,<3.0.a0'
    gmp: '>=6.3.0,<7.0a0'
    libgcc-ng: '>=12'
  url: https://conda.anaconda.org/conda-forge/linux-64/mpfr-4.2.1-h38ae2d0_2.conda
  hash:
    md5: 168e18a2bba4f8520e6c5e38982f5847
    sha256: 016981edf60146a6c553e22457ca3d121ff52b98d24b2191b82ef2aefa89cc7f
  category: main
  optional: false
- name: mpmath
  version: 1.3.0
  manager: conda
  platform: linux-64
  dependencies:
    python: '>=3.6'
  url: https://conda.anaconda.org/conda-forge/noarch/mpmath-1.3.0-pyhd8ed1ab_0.conda
  hash:
    md5: dbf6e2d89137da32fa6670f3bffc024e
    sha256: a4f025c712ec1502a55c471b56a640eaeebfce38dd497d5a1a33729014cac47a
  category: main
  optional: false
- name: ncurses
  version: '6.5'
  manager: conda
  platform: linux-64
  dependencies:
    libgcc-ng: '>=12'
  url: https://conda.anaconda.org/conda-forge/linux-64/ncurses-6.5-h59595ed_0.conda
  hash:
    md5: fcea371545eda051b6deafb24889fc69
    sha256: 4fc3b384f4072b68853a0013ea83bdfd3d66b0126e2238e1d6e1560747aa7586
  category: main
  optional: false
- name: networkx
  version: '3.3'
  manager: conda
  platform: linux-64
  dependencies:
    python: '>=3.10'
  url: https://conda.anaconda.org/conda-forge/noarch/networkx-3.3-pyhd8ed1ab_1.conda
  hash:
    md5: d335fd5704b46f4efb89a6774e81aef0
    sha256: cbd8a6de87ad842e7665df38dcec719873fe74698bc761de5431047b8fada41a
  category: main
  optional: false
- name: numpy
  version: 1.26.4
  manager: conda
  platform: linux-64
  dependencies:
    libblas: '>=3.9.0,<4.0a0'
    libcblas: '>=3.9.0,<4.0a0'
    libgcc-ng: '>=12'
    liblapack: '>=3.9.0,<4.0a0'
    libstdcxx-ng: '>=12'
    python: '>=3.11,<3.12.0a0'
    python_abi: 3.11.*
  url: https://conda.anaconda.org/conda-forge/linux-64/numpy-1.26.4-py311h64a7726_0.conda
  hash:
    md5: a502d7aad449a1206efb366d6a12c52d
    sha256: 3f4365e11b28e244c95ba8579942b0802761ba7bb31c026f50d1a9ea9c728149
  category: main
  optional: false
- name: openssl
  version: 3.3.1
  manager: conda
  platform: linux-64
  dependencies:
    __glibc: '>=2.17,<3.0.a0'
    ca-certificates: ''
    libgcc-ng: '>=12'
  url: https://conda.anaconda.org/conda-forge/linux-64/openssl-3.3.1-h4bc722e_2.conda
  hash:
    md5: e1b454497f9f7c1147fdde4b53f1b512
    sha256: b294b3cc706ad1048cdb514f0db3da9f37ae3fcc0c53a7104083dd0918adb200
  category: main
  optional: false
- name: pyrosetta
  version: 2024.19+release.a34b73c
  manager: conda
  platform: linux-64
  dependencies:
    numpy: '>=1.20.2'
    python: '>=3.11,<3.12.0a0'
    zlib: '>=1.2.13,<1.3.0a0'
  url: https://conda.rosettacommons.org/linux-64/pyrosetta-2024.19+release.a34b73c-py311_0.tar.bz2
  hash:
    md5: de29b20c41ffee4d39cc7af06a31bfb5
    sha256: e09f1c320c60e1841e0806c7a677368946eb5858dde2784b1a415d7149295fa7
  category: main
  optional: false
- name: python
  version: 3.11.9
  manager: conda
  platform: linux-64
  dependencies:
    bzip2: '>=1.0.8,<2.0a0'
    ld_impl_linux-64: '>=2.36.1'
    libexpat: '>=2.6.2,<3.0a0'
    libffi: '>=3.4,<4.0a0'
    libgcc-ng: '>=12'
    libnsl: '>=2.0.1,<2.1.0a0'
    libsqlite: '>=3.45.3,<4.0a0'
    libuuid: '>=2.38.1,<3.0a0'
    libxcrypt: '>=4.4.36'
    libzlib: '>=1.2.13,<2.0.0a0'
    ncurses: '>=6.4.20240210,<7.0a0'
    openssl: '>=3.2.1,<4.0a0'
    readline: '>=8.2,<9.0a0'
    tk: '>=8.6.13,<8.7.0a0'
    tzdata: ''
    xz: '>=5.2.6,<6.0a0'
  url: https://conda.anaconda.org/conda-forge/linux-64/python-3.11.9-hb806964_0_cpython.conda
  hash:
    md5: ac68acfa8b558ed406c75e98d3428d7b
    sha256: 177f33a1fb8d3476b38f73c37b42f01c0b014fa0e039a701fd9f83d83aae6d40
  category: main
  optional: false
- name: python_abi
  version: '3.11'
  manager: conda
  platform: linux-64
  dependencies: {}
  url: https://conda.anaconda.org/conda-forge/linux-64/python_abi-3.11-4_cp311.conda
  hash:
    md5: d786502c97404c94d7d58d258a445a65
    sha256: 0be3ac1bf852d64f553220c7e6457e9c047dfb7412da9d22fbaa67e60858b3cf
  category: main
  optional: false
- name: pytorch
  version: 2.0.1
  manager: conda
  platform: linux-64
  dependencies:
    blas: '*'
    filelock: ''
    jinja2: ''
    mkl: '>=2018'
    networkx: ''
    python: '>=3.11,<3.12.0a0'
    pytorch-cuda: '>=11.8,<11.9'
    pytorch-mutex: '1.0'
    sympy: ''
    torchtriton: 2.0.0
    typing_extensions: ''
  url: https://conda.anaconda.org/pytorch/linux-64/pytorch-2.0.1-py3.11_cuda11.8_cudnn8.7.0_0.tar.bz2
  hash:
    md5: d74c09e45ac9eb88be396843138779ec
    sha256: ea7402cb3cbe8b3580bf54583bf556afb19cf0987f5f5ce13e15ef913ba25c52
  category: main
  optional: false
- name: pytorch-cuda
  version: '11.8'
  manager: conda
  platform: linux-64
  dependencies:
    cuda-cudart: '>=11.8,<12.0'
    cuda-cupti: '>=11.8,<12.0'
    cuda-libraries: '>=11.8,<12.0'
    cuda-nvrtc: '>=11.8,<12.0'
    cuda-nvtx: '>=11.8,<12.0'
    cuda-runtime: '>=11.8,<12.0'
    libcublas: '>=11.11.3.6,<12.0.1.189'
    libcufft: '>=10.9.0.58,<11.0.0.21'
    libcusolver: '>=11.4.1.48,<11.4.2.57'
    libcusparse: '>=11.7.5.86,<12.0.0.76'
    libnpp: '>=11.8.0.86,<12.0.0.30'
    libnvjpeg: '>=11.9.0.86,<12.0.0.28'
  url: https://conda.anaconda.org/pytorch/linux-64/pytorch-cuda-11.8-h7e8668a_5.tar.bz2
  hash:
    md5: 48e990086eb245cce92f09b45a34651e
    sha256: 81a9df218f84b45386818dbc180180a5adb7a5df097d1c4c7ec05c5fa5b0f8ca
  category: main
  optional: false
- name: pytorch-mutex
  version: '1.0'
  manager: conda
  platform: linux-64
  dependencies: {}
  url: https://conda.anaconda.org/pytorch/noarch/pytorch-mutex-1.0-cuda.tar.bz2
  hash:
    md5: a948316e36fb5b11223b3fcfa93f8358
    sha256: c16316183f51b74ca5eee4dcb8631052f328c0bbf244176734a0b7d390b81ee3
  category: main
  optional: false
- name: pyyaml
  version: 6.0.1
  manager: conda
  platform: linux-64
  dependencies:
    libgcc-ng: '>=12'
    python: '>=3.11,<3.12.0a0'
    python_abi: 3.11.*
    yaml: '>=0.2.5,<0.3.0a0'
  url: https://conda.anaconda.org/conda-forge/linux-64/pyyaml-6.0.1-py311h459d7ec_1.conda
  hash:
    md5: 52719a74ad130de8fb5d047dc91f247a
    sha256: 28729ef1ffa7f6f9dfd54345a47c7faac5d34296d66a2b9891fb147f4efe1348
  category: main
  optional: false
- name: readline
  version: '8.2'
  manager: conda
  platform: linux-64
  dependencies:
    libgcc-ng: '>=12'
    ncurses: '>=6.3,<7.0a0'
  url: https://conda.anaconda.org/conda-forge/linux-64/readline-8.2-h8228510_1.conda
  hash:
    md5: 47d31b792659ce70f470b5c82fdfb7a4
    sha256: 5435cf39d039387fbdc977b0a762357ea909a7694d9528ab40f005e9208744d7
  category: main
  optional: false
- name: six
  version: 1.16.0
  manager: conda
  platform: linux-64
  dependencies:
    python: ''
  url: https://conda.anaconda.org/conda-forge/noarch/six-1.16.0-pyh6c4a22f_0.tar.bz2
  hash:
    md5: e5f25f8dbc060e9a8d912e432202afc2
    sha256: a85c38227b446f42c5b90d9b642f2c0567880c15d72492d8da074a59c8f91dd6
  category: main
  optional: false
- name: sympy
  version: 1.13.0
  manager: conda
  platform: linux-64
  dependencies:
    __unix: ''
    gmpy2: '>=2.0.8'
    mpmath: '>=0.19'
    python: '>=3.8'
  url: https://conda.anaconda.org/conda-forge/noarch/sympy-1.13.0-pypyh2585a3b_103.conda
  hash:
    md5: be7ad175eb670a83ff575f86e53c57fb
    sha256: dcb51a1e46a2777c76098b558bd05f107647ab0a03a1560445620ecb14a51c4f
  category: main
  optional: false
- name: tbb
  version: 2021.12.0
  manager: conda
  platform: linux-64
  dependencies:
    __glibc: '>=2.17,<3.0.a0'
    libgcc-ng: '>=12'
    libhwloc: '>=2.11.1,<2.11.2.0a0'
    libstdcxx-ng: '>=12'
  url: https://conda.anaconda.org/conda-forge/linux-64/tbb-2021.12.0-h434a139_3.conda
  hash:
    md5: c667c11d1e488a38220ede8a34441bff
    sha256: e901e1887205a3f90d6a77e1302ccc5ffe48fd30de16907dfdbdbf1dbef0a177
  category: main
  optional: false
- name: tk
  version: 8.6.13
  manager: conda
  platform: linux-64
  dependencies:
    libgcc-ng: '>=12'
    libzlib: '>=1.2.13,<2.0.0a0'
  url: https://conda.anaconda.org/conda-forge/linux-64/tk-8.6.13-noxft_h4845f30_101.conda
  hash:
    md5: d453b98d9c83e71da0741bb0ff4d76bc
    sha256: e0569c9caa68bf476bead1bed3d79650bb080b532c64a4af7d8ca286c08dea4e
  category: main
  optional: false
- name: torchtriton
  version: 2.0.0
  manager: conda
  platform: linux-64
  dependencies:
    filelock: ''
    python: '>=3.11,<3.12.0a0'
    pytorch: ''
  url: https://conda.anaconda.org/pytorch/linux-64/torchtriton-2.0.0-py311.tar.bz2
  hash:
    md5: 55651d4417bd3e9bbaf82e03574dff07
    sha256: 605b6174e388c4de19b25a2f60c0c5c30f8f81f5b3bbbbea4d05d4a7990a255f
  category: main
  optional: false
- name: typing_extensions
  version: 4.12.2
  manager: conda
  platform: linux-64
  dependencies:
    python: '>=3.8'
  url: https://conda.anaconda.org/conda-forge/noarch/typing_extensions-4.12.2-pyha770c72_0.conda
  hash:
    md5: ebe6952715e1d5eb567eeebf25250fa7
    sha256: 0fce54f8ec3e59f5ef3bb7641863be4e1bf1279623e5af3d3fa726e8f7628ddb
  category: main
  optional: false
- name: tzdata
  version: 2024a
  manager: conda
  platform: linux-64
  dependencies: {}
  url: https://conda.anaconda.org/conda-forge/noarch/tzdata-2024a-h0c530f3_0.conda
  hash:
    md5: 161081fc7cec0bfda0d86d7cb595f8d8
    sha256: 7b2b69c54ec62a243eb6fba2391b5e443421608c3ae5dbff938ad33ca8db5122
  category: main
  optional: false
- name: xz
  version: 5.2.6
  manager: conda
  platform: linux-64
  dependencies:
    libgcc-ng: '>=12'
  url: https://conda.anaconda.org/conda-forge/linux-64/xz-5.2.6-h166bdaf_0.tar.bz2
  hash:
    md5: 2161070d867d1b1204ea749c8eec4ef0
    sha256: 03a6d28ded42af8a347345f82f3eebdd6807a08526d47899a42d62d319609162
  category: main
  optional: false
- name: yaml
  version: 0.2.5
  manager: conda
  platform: linux-64
  dependencies:
    libgcc-ng: '>=9.4.0'
  url: https://conda.anaconda.org/conda-forge/linux-64/yaml-0.2.5-h7f98852_2.tar.bz2
  hash:
    md5: 4cb3ad778ec2d5a7acbdf254eb1c42ae
    sha256: a4e34c710eeb26945bdbdaba82d3d74f60a78f54a874ec10d373811a5d217535
  category: main
  optional: false
- name: zlib
  version: 1.2.13
  manager: conda
  platform: linux-64
  dependencies:
    libgcc-ng: '>=12'
    libzlib: 1.2.13
  url: https://conda.anaconda.org/conda-forge/linux-64/zlib-1.2.13-h4ab18f5_6.conda
  hash:
    md5: 559d338a4234c2ad6e676f460a093e67
    sha256: 534824ea44939f3e59ca8ebb95e3ece6f50f9d2a0e69999fbc692311252ed6ac
  category: main
  optional: false
